// !$*UTF8*$!
{
	archiveVersion = 1;
	classes = {
	};
	objectVersion = 46;
	objects = {

/* Begin PBXBuildFile section */
		30BC37921653E5AA94E63B57 /* libPods-ConnectSDKSamplerTests.a in Frameworks */ = {isa = PBXBuildFile; fileRef = FED4874226E1EE3CB676083F /* libPods-ConnectSDKSamplerTests.a */; };
		442762D31B012B280045DC90 /* Bolts.framework in Frameworks */ = {isa = PBXBuildFile; fileRef = 442762D21B012B280045DC90 /* Bolts.framework */; };
		442762D81B012CCD0045DC90 /* AmazonFling.framework in Frameworks */ = {isa = PBXBuildFile; fileRef = 442762D71B012CCD0045DC90 /* AmazonFling.framework */; };
		442762DA1B012CF80045DC90 /* AdSupport.framework in Frameworks */ = {isa = PBXBuildFile; fileRef = 442762D91B012CF80045DC90 /* AdSupport.framework */; };
		442762DC1B012D260045DC90 /* libc++.dylib in Frameworks */ = {isa = PBXBuildFile; fileRef = 442762DB1B012D260045DC90 /* libc++.dylib */; };
		44D72F221AC4D16B006983FB /* libConnectSDK.a in Frameworks */ = {isa = PBXBuildFile; fileRef = 44D72F1F1AC4D161006983FB /* libConnectSDK.a */; };
		44D72F241AC4D196006983FB /* GoogleCast.framework in Frameworks */ = {isa = PBXBuildFile; fileRef = 44D72F231AC4D196006983FB /* GoogleCast.framework */; };
		44E98FF31B20A7A80043BC70 /* ConnectSDKSamplerTests.m in Sources */ = {isa = PBXBuildFile; fileRef = 44E98FF21B20A7A80043BC70 /* ConnectSDKSamplerTests.m */; };
		BEF557D69A067687221350BD /* libPods-ConnectSDKSampler.a in Frameworks */ = {isa = PBXBuildFile; fileRef = 3CDEAB448DFEC83449A0DFE1 /* libPods-ConnectSDKSampler.a */; };
		EA099895185146830072824C /* libz.dylib in Frameworks */ = {isa = PBXBuildFile; fileRef = EA099894185146830072824C /* libz.dylib */; };
		EA0998A2185147070072824C /* libicucore.dylib in Frameworks */ = {isa = PBXBuildFile; fileRef = EA0998A1185147070072824C /* libicucore.dylib */; };
		EA09EFA61875E7EB008E6839 /* MainStoryboard.storyboard in Resources */ = {isa = PBXBuildFile; fileRef = EA09EFA51875E7EB008E6839 /* MainStoryboard.storyboard */; };
		EA09EFC31875E82A008E6839 /* AppsViewController.m in Sources */ = {isa = PBXBuildFile; fileRef = EA09EFA91875E82A008E6839 /* AppsViewController.m */; };
		EA09EFC41875E82A008E6839 /* TVViewController.m in Sources */ = {isa = PBXBuildFile; fileRef = EA09EFAB1875E82A008E6839 /* TVViewController.m */; };
		EA09EFC51875E82A008E6839 /* ControlViewController.m in Sources */ = {isa = PBXBuildFile; fileRef = EA09EFAD1875E82A008E6839 /* ControlViewController.m */; };
		EA09EFC61875E82A008E6839 /* SystemViewController.m in Sources */ = {isa = PBXBuildFile; fileRef = EA09EFAF1875E82A008E6839 /* SystemViewController.m */; };
		EA09EFC81875E82A008E6839 /* MediaViewController.m in Sources */ = {isa = PBXBuildFile; fileRef = EA09EFB31875E82A008E6839 /* MediaViewController.m */; };
		EA09EFC91875E82A008E6839 /* ControlTouchpadView.m in Sources */ = {isa = PBXBuildFile; fileRef = EA09EFB51875E82A008E6839 /* ControlTouchpadView.m */; };
		EA09EFCA1875E82A008E6839 /* SamplerNavigationViewController.m in Sources */ = {isa = PBXBuildFile; fileRef = EA09EFB81875E82A008E6839 /* SamplerNavigationViewController.m */; };
		EA09EFCB1875E82A008E6839 /* SamplerViewController.m in Sources */ = {isa = PBXBuildFile; fileRef = EA09EFBA1875E82A008E6839 /* SamplerViewController.m */; };
		EA09EFCC1875E82A008E6839 /* BaseViewController.m in Sources */ = {isa = PBXBuildFile; fileRef = EA09EFBC1875E82A008E6839 /* BaseViewController.m */; };
		EA0F2D0218BE7705003B44E1 /* WebAppViewController.m in Sources */ = {isa = PBXBuildFile; fileRef = EA0F2D0118BE7705003B44E1 /* WebAppViewController.m */; };
		EA0F2D3D18BEACCB003B44E1 /* icon_17114.png in Resources */ = {isa = PBXBuildFile; fileRef = EA0F2D2618BEACCB003B44E1 /* icon_17114.png */; };
		EA0F2D3E18BEACCB003B44E1 /* icon_17114@2x.png in Resources */ = {isa = PBXBuildFile; fileRef = EA0F2D2718BEACCB003B44E1 /* icon_17114@2x.png */; };
		EA0F2D4018BEACCB003B44E1 /* icon_3330.png in Resources */ = {isa = PBXBuildFile; fileRef = EA0F2D2A18BEACCB003B44E1 /* icon_3330.png */; };
		EA0F2D4118BEACCB003B44E1 /* icon_3330@2x.png in Resources */ = {isa = PBXBuildFile; fileRef = EA0F2D2B18BEACCB003B44E1 /* icon_3330@2x.png */; };
		EA0F2D4318BEACCB003B44E1 /* icon_15307.png in Resources */ = {isa = PBXBuildFile; fileRef = EA0F2D2E18BEACCB003B44E1 /* icon_15307.png */; };
		EA0F2D4418BEACCB003B44E1 /* icon_15307@2x.png in Resources */ = {isa = PBXBuildFile; fileRef = EA0F2D2F18BEACCB003B44E1 /* icon_15307@2x.png */; };
		EA0F2D4618BEACCB003B44E1 /* icon_17183.png in Resources */ = {isa = PBXBuildFile; fileRef = EA0F2D3218BEACCB003B44E1 /* icon_17183.png */; };
		EA0F2D4718BEACCB003B44E1 /* icon_17183@2x.png in Resources */ = {isa = PBXBuildFile; fileRef = EA0F2D3318BEACCB003B44E1 /* icon_17183@2x.png */; };
		EA0F2D4918BEACCB003B44E1 /* icon_15111.png in Resources */ = {isa = PBXBuildFile; fileRef = EA0F2D3618BEACCB003B44E1 /* icon_15111.png */; };
		EA0F2D4A18BEACCB003B44E1 /* icon_15111@2x.png in Resources */ = {isa = PBXBuildFile; fileRef = EA0F2D3718BEACCB003B44E1 /* icon_15111@2x.png */; };
		EA0F2D4C18BEACCB003B44E1 /* icon_12676.png in Resources */ = {isa = PBXBuildFile; fileRef = EA0F2D3A18BEACCB003B44E1 /* icon_12676.png */; };
		EA0F2D4D18BEACCB003B44E1 /* icon_12676@2x.png in Resources */ = {isa = PBXBuildFile; fileRef = EA0F2D3B18BEACCB003B44E1 /* icon_12676@2x.png */; };
		EA66B7CC187611D300669EAF /* AppDelegate.m in Sources */ = {isa = PBXBuildFile; fileRef = EA66B7CB187611D300669EAF /* AppDelegate.m */; };
		EA7E00B0184402B20089FA62 /* Foundation.framework in Frameworks */ = {isa = PBXBuildFile; fileRef = EA7E00AF184402B20089FA62 /* Foundation.framework */; };
		EA7E00B2184402B20089FA62 /* CoreGraphics.framework in Frameworks */ = {isa = PBXBuildFile; fileRef = EA7E00B1184402B20089FA62 /* CoreGraphics.framework */; };
		EA7E00B4184402B20089FA62 /* UIKit.framework in Frameworks */ = {isa = PBXBuildFile; fileRef = EA7E00B3184402B20089FA62 /* UIKit.framework */; };
		EA9AB00D193FD84500B72990 /* Settings.bundle in Resources */ = {isa = PBXBuildFile; fileRef = EA9AB00C193FD84500B72990 /* Settings.bundle */; };
		EA9E48AA186DFCFD002DE134 /* InfoPlist.strings in Resources */ = {isa = PBXBuildFile; fileRef = EA9E489A186DFCFD002DE134 /* InfoPlist.strings */; };
		EA9E48AB186DFCFD002DE134 /* Images.xcassets in Resources */ = {isa = PBXBuildFile; fileRef = EA9E489C186DFCFD002DE134 /* Images.xcassets */; };
		EA9E48B0186DFCFD002DE134 /* main.m in Sources */ = {isa = PBXBuildFile; fileRef = EA9E48A5186DFCFD002DE134 /* main.m */; };
/* End PBXBuildFile section */

/* Begin PBXContainerItemProxy section */
		44ADEAB41B1903E900D17687 /* PBXContainerItemProxy */ = {
			isa = PBXContainerItemProxy;
			containerPortal = 44D72F181AC4D161006983FB /* ConnectSDK.xcodeproj */;
			proxyType = 2;
			remoteGlobalIDString = 449A37021B0FDC1C00E47DAC;
			remoteInfo = ConnectSDKIntegrationTests;
		};
		44D72F1E1AC4D161006983FB /* PBXContainerItemProxy */ = {
			isa = PBXContainerItemProxy;
			containerPortal = 44D72F181AC4D161006983FB /* ConnectSDK.xcodeproj */;
			proxyType = 2;
			remoteGlobalIDString = EA61EB1018FE485B00D75696;
			remoteInfo = ConnectSDK;
		};
		44D72F201AC4D161006983FB /* PBXContainerItemProxy */ = {
			isa = PBXContainerItemProxy;
			containerPortal = 44D72F181AC4D161006983FB /* ConnectSDK.xcodeproj */;
			proxyType = 2;
			remoteGlobalIDString = 4480857A1A12A7BE00E13938;
			remoteInfo = ConnectSDKTests;
		};
		44E98FF41B20A7A80043BC70 /* PBXContainerItemProxy */ = {
			isa = PBXContainerItemProxy;
			containerPortal = EA7E00A4184402B20089FA62 /* Project object */;
			proxyType = 1;
			remoteGlobalIDString = EA7E00AB184402B20089FA62;
			remoteInfo = ConnectSDKSampler;
		};
/* End PBXContainerItemProxy section */

/* Begin PBXFileReference section */
		17C49D74943D3BE5906150DB /* Pods-ConnectSDKSampler.release.xcconfig */ = {isa = PBXFileReference; includeInIndex = 1; lastKnownFileType = text.xcconfig; name = "Pods-ConnectSDKSampler.release.xcconfig"; path = "Pods/Target Support Files/Pods-ConnectSDKSampler/Pods-ConnectSDKSampler.release.xcconfig"; sourceTree = "<group>"; };
		3BBE8DDEDABB1EAFF0E141E1 /* Pods-ConnectSDKSampler.debug.xcconfig */ = {isa = PBXFileReference; includeInIndex = 1; lastKnownFileType = text.xcconfig; name = "Pods-ConnectSDKSampler.debug.xcconfig"; path = "Pods/Target Support Files/Pods-ConnectSDKSampler/Pods-ConnectSDKSampler.debug.xcconfig"; sourceTree = "<group>"; };
		3CDEAB448DFEC83449A0DFE1 /* libPods-ConnectSDKSampler.a */ = {isa = PBXFileReference; explicitFileType = archive.ar; includeInIndex = 0; path = "libPods-ConnectSDKSampler.a"; sourceTree = BUILT_PRODUCTS_DIR; };
		3DA1D65DFB299982184DDB83 /* Pods-ConnectSDKSamplerTests.release.xcconfig */ = {isa = PBXFileReference; includeInIndex = 1; lastKnownFileType = text.xcconfig; name = "Pods-ConnectSDKSamplerTests.release.xcconfig"; path = "Pods/Target Support Files/Pods-ConnectSDKSamplerTests/Pods-ConnectSDKSamplerTests.release.xcconfig"; sourceTree = "<group>"; };
		442762D21B012B280045DC90 /* Bolts.framework */ = {isa = PBXFileReference; lastKnownFileType = wrapper.framework; name = Bolts.framework; path = "../Connect-SDK-iOS/modules/firetv/Frameworks/Bolts.framework"; sourceTree = "<group>"; };
		442762D71B012CCD0045DC90 /* AmazonFling.framework */ = {isa = PBXFileReference; lastKnownFileType = wrapper.framework; name = AmazonFling.framework; path = "../Connect-SDK-iOS/modules/firetv/Frameworks/AmazonFling.framework"; sourceTree = "<group>"; };
		442762D91B012CF80045DC90 /* AdSupport.framework */ = {isa = PBXFileReference; lastKnownFileType = wrapper.framework; name = AdSupport.framework; path = System/Library/Frameworks/AdSupport.framework; sourceTree = SDKROOT; };
		442762DB1B012D260045DC90 /* libc++.dylib */ = {isa = PBXFileReference; lastKnownFileType = "compiled.mach-o.dylib"; name = "libc++.dylib"; path = "usr/lib/libc++.dylib"; sourceTree = SDKROOT; };
		44D72F181AC4D161006983FB /* ConnectSDK.xcodeproj */ = {isa = PBXFileReference; lastKnownFileType = "wrapper.pb-project"; name = ConnectSDK.xcodeproj; path = "../Connect-SDK-iOS/ConnectSDK.xcodeproj"; sourceTree = "<group>"; };
		44D72F231AC4D196006983FB /* GoogleCast.framework */ = {isa = PBXFileReference; lastKnownFileType = wrapper.framework; name = GoogleCast.framework; path = "../Connect-SDK-iOS/modules/google-cast/GoogleCast.framework"; sourceTree = "<group>"; };
		44E98FEE1B20A7A80043BC70 /* ConnectSDKSamplerTests.xctest */ = {isa = PBXFileReference; explicitFileType = wrapper.cfbundle; includeInIndex = 0; path = ConnectSDKSamplerTests.xctest; sourceTree = BUILT_PRODUCTS_DIR; };
		44E98FF11B20A7A80043BC70 /* Info.plist */ = {isa = PBXFileReference; lastKnownFileType = text.plist.xml; path = Info.plist; sourceTree = "<group>"; };
		44E98FF21B20A7A80043BC70 /* ConnectSDKSamplerTests.m */ = {isa = PBXFileReference; lastKnownFileType = sourcecode.c.objc; path = ConnectSDKSamplerTests.m; sourceTree = "<group>"; };
		767841EDABF1FE082857D6D4 /* Pods-ConnectSDKSamplerTests.debug.xcconfig */ = {isa = PBXFileReference; includeInIndex = 1; lastKnownFileType = text.xcconfig; name = "Pods-ConnectSDKSamplerTests.debug.xcconfig"; path = "Pods/Target Support Files/Pods-ConnectSDKSamplerTests/Pods-ConnectSDKSamplerTests.debug.xcconfig"; sourceTree = "<group>"; };
		7EB4D323E0385883ADD1303E /* libPods.a */ = {isa = PBXFileReference; explicitFileType = archive.ar; includeInIndex = 0; path = libPods.a; sourceTree = BUILT_PRODUCTS_DIR; };
		EA099894185146830072824C /* libz.dylib */ = {isa = PBXFileReference; lastKnownFileType = "compiled.mach-o.dylib"; name = libz.dylib; path = usr/lib/libz.dylib; sourceTree = SDKROOT; };
		EA0998A1185147070072824C /* libicucore.dylib */ = {isa = PBXFileReference; lastKnownFileType = "compiled.mach-o.dylib"; name = libicucore.dylib; path = usr/lib/libicucore.dylib; sourceTree = SDKROOT; };
		EA09EFA51875E7EB008E6839 /* MainStoryboard.storyboard */ = {isa = PBXFileReference; fileEncoding = 4; lastKnownFileType = file.storyboard; path = MainStoryboard.storyboard; sourceTree = "<group>"; };
		EA09EFA81875E82A008E6839 /* AppsViewController.h */ = {isa = PBXFileReference; fileEncoding = 4; lastKnownFileType = sourcecode.c.h; path = AppsViewController.h; sourceTree = "<group>"; };
		EA09EFA91875E82A008E6839 /* AppsViewController.m */ = {isa = PBXFileReference; fileEncoding = 4; lastKnownFileType = sourcecode.c.objc; path = AppsViewController.m; sourceTree = "<group>"; };
		EA09EFAA1875E82A008E6839 /* TVViewController.h */ = {isa = PBXFileReference; fileEncoding = 4; lastKnownFileType = sourcecode.c.h; path = TVViewController.h; sourceTree = "<group>"; };
		EA09EFAB1875E82A008E6839 /* TVViewController.m */ = {isa = PBXFileReference; fileEncoding = 4; lastKnownFileType = sourcecode.c.objc; path = TVViewController.m; sourceTree = "<group>"; };
		EA09EFAC1875E82A008E6839 /* ControlViewController.h */ = {isa = PBXFileReference; fileEncoding = 4; lastKnownFileType = sourcecode.c.h; path = ControlViewController.h; sourceTree = "<group>"; };
		EA09EFAD1875E82A008E6839 /* ControlViewController.m */ = {isa = PBXFileReference; fileEncoding = 4; lastKnownFileType = sourcecode.c.objc; path = ControlViewController.m; sourceTree = "<group>"; };
		EA09EFAE1875E82A008E6839 /* SystemViewController.h */ = {isa = PBXFileReference; fileEncoding = 4; lastKnownFileType = sourcecode.c.h; path = SystemViewController.h; sourceTree = "<group>"; };
		EA09EFAF1875E82A008E6839 /* SystemViewController.m */ = {isa = PBXFileReference; fileEncoding = 4; lastKnownFileType = sourcecode.c.objc; path = SystemViewController.m; sourceTree = "<group>"; };
		EA09EFB21875E82A008E6839 /* MediaViewController.h */ = {isa = PBXFileReference; fileEncoding = 4; lastKnownFileType = sourcecode.c.h; path = MediaViewController.h; sourceTree = "<group>"; };
		EA09EFB31875E82A008E6839 /* MediaViewController.m */ = {isa = PBXFileReference; fileEncoding = 4; lastKnownFileType = sourcecode.c.objc; path = MediaViewController.m; sourceTree = "<group>"; };
		EA09EFB41875E82A008E6839 /* ControlTouchpadView.h */ = {isa = PBXFileReference; fileEncoding = 4; lastKnownFileType = sourcecode.c.h; path = ControlTouchpadView.h; sourceTree = "<group>"; };
		EA09EFB51875E82A008E6839 /* ControlTouchpadView.m */ = {isa = PBXFileReference; fileEncoding = 4; lastKnownFileType = sourcecode.c.objc; path = ControlTouchpadView.m; sourceTree = "<group>"; };
		EA09EFB71875E82A008E6839 /* SamplerNavigationViewController.h */ = {isa = PBXFileReference; fileEncoding = 4; lastKnownFileType = sourcecode.c.h; path = SamplerNavigationViewController.h; sourceTree = "<group>"; };
		EA09EFB81875E82A008E6839 /* SamplerNavigationViewController.m */ = {isa = PBXFileReference; fileEncoding = 4; lastKnownFileType = sourcecode.c.objc; path = SamplerNavigationViewController.m; sourceTree = "<group>"; };
		EA09EFB91875E82A008E6839 /* SamplerViewController.h */ = {isa = PBXFileReference; fileEncoding = 4; lastKnownFileType = sourcecode.c.h; path = SamplerViewController.h; sourceTree = "<group>"; };
		EA09EFBA1875E82A008E6839 /* SamplerViewController.m */ = {isa = PBXFileReference; fileEncoding = 4; lastKnownFileType = sourcecode.c.objc; path = SamplerViewController.m; sourceTree = "<group>"; };
		EA09EFBB1875E82A008E6839 /* BaseViewController.h */ = {isa = PBXFileReference; fileEncoding = 4; lastKnownFileType = sourcecode.c.h; path = BaseViewController.h; sourceTree = "<group>"; };
		EA09EFBC1875E82A008E6839 /* BaseViewController.m */ = {isa = PBXFileReference; fileEncoding = 4; lastKnownFileType = sourcecode.c.objc; path = BaseViewController.m; sourceTree = "<group>"; };
		EA0F2D0018BE7705003B44E1 /* WebAppViewController.h */ = {isa = PBXFileReference; fileEncoding = 4; lastKnownFileType = sourcecode.c.h; path = WebAppViewController.h; sourceTree = "<group>"; };
		EA0F2D0118BE7705003B44E1 /* WebAppViewController.m */ = {isa = PBXFileReference; fileEncoding = 4; lastKnownFileType = sourcecode.c.objc; path = WebAppViewController.m; sourceTree = "<group>"; };
		EA0F2D2618BEACCB003B44E1 /* icon_17114.png */ = {isa = PBXFileReference; lastKnownFileType = image.png; path = icon_17114.png; sourceTree = "<group>"; };
		EA0F2D2718BEACCB003B44E1 /* icon_17114@2x.png */ = {isa = PBXFileReference; lastKnownFileType = image.png; path = "icon_17114@2x.png"; sourceTree = "<group>"; };
		EA0F2D2818BEACCB003B44E1 /* license.txt */ = {isa = PBXFileReference; fileEncoding = 4; lastKnownFileType = text; path = license.txt; sourceTree = "<group>"; };
		EA0F2D2A18BEACCB003B44E1 /* icon_3330.png */ = {isa = PBXFileReference; lastKnownFileType = image.png; path = icon_3330.png; sourceTree = "<group>"; };
		EA0F2D2B18BEACCB003B44E1 /* icon_3330@2x.png */ = {isa = PBXFileReference; lastKnownFileType = image.png; path = "icon_3330@2x.png"; sourceTree = "<group>"; };
		EA0F2D2C18BEACCB003B44E1 /* license.txt */ = {isa = PBXFileReference; fileEncoding = 4; lastKnownFileType = text; path = license.txt; sourceTree = "<group>"; };
		EA0F2D2E18BEACCB003B44E1 /* icon_15307.png */ = {isa = PBXFileReference; lastKnownFileType = image.png; path = icon_15307.png; sourceTree = "<group>"; };
		EA0F2D2F18BEACCB003B44E1 /* icon_15307@2x.png */ = {isa = PBXFileReference; lastKnownFileType = image.png; path = "icon_15307@2x.png"; sourceTree = "<group>"; };
		EA0F2D3018BEACCB003B44E1 /* license.txt */ = {isa = PBXFileReference; fileEncoding = 4; lastKnownFileType = text; path = license.txt; sourceTree = "<group>"; };
		EA0F2D3218BEACCB003B44E1 /* icon_17183.png */ = {isa = PBXFileReference; lastKnownFileType = image.png; path = icon_17183.png; sourceTree = "<group>"; };
		EA0F2D3318BEACCB003B44E1 /* icon_17183@2x.png */ = {isa = PBXFileReference; lastKnownFileType = image.png; path = "icon_17183@2x.png"; sourceTree = "<group>"; };
		EA0F2D3418BEACCB003B44E1 /* license.txt */ = {isa = PBXFileReference; fileEncoding = 4; lastKnownFileType = text; path = license.txt; sourceTree = "<group>"; };
		EA0F2D3618BEACCB003B44E1 /* icon_15111.png */ = {isa = PBXFileReference; lastKnownFileType = image.png; path = icon_15111.png; sourceTree = "<group>"; };
		EA0F2D3718BEACCB003B44E1 /* icon_15111@2x.png */ = {isa = PBXFileReference; lastKnownFileType = image.png; path = "icon_15111@2x.png"; sourceTree = "<group>"; };
		EA0F2D3818BEACCB003B44E1 /* license.txt */ = {isa = PBXFileReference; fileEncoding = 4; lastKnownFileType = text; path = license.txt; sourceTree = "<group>"; };
		EA0F2D3A18BEACCB003B44E1 /* icon_12676.png */ = {isa = PBXFileReference; lastKnownFileType = image.png; path = icon_12676.png; sourceTree = "<group>"; };
		EA0F2D3B18BEACCB003B44E1 /* icon_12676@2x.png */ = {isa = PBXFileReference; lastKnownFileType = image.png; path = "icon_12676@2x.png"; sourceTree = "<group>"; };
		EA0F2D3C18BEACCB003B44E1 /* license.txt */ = {isa = PBXFileReference; fileEncoding = 4; lastKnownFileType = text; path = license.txt; sourceTree = "<group>"; };
		EA66B7CA187611D300669EAF /* AppDelegate.h */ = {isa = PBXFileReference; fileEncoding = 4; lastKnownFileType = sourcecode.c.h; path = AppDelegate.h; sourceTree = "<group>"; };
		EA66B7CB187611D300669EAF /* AppDelegate.m */ = {isa = PBXFileReference; fileEncoding = 4; lastKnownFileType = sourcecode.c.objc; path = AppDelegate.m; sourceTree = "<group>"; };
		EA7E00AC184402B20089FA62 /* ConnectSDKSampler.app */ = {isa = PBXFileReference; explicitFileType = wrapper.application; includeInIndex = 0; path = ConnectSDKSampler.app; sourceTree = BUILT_PRODUCTS_DIR; };
		EA7E00AF184402B20089FA62 /* Foundation.framework */ = {isa = PBXFileReference; lastKnownFileType = wrapper.framework; name = Foundation.framework; path = System/Library/Frameworks/Foundation.framework; sourceTree = SDKROOT; };
		EA7E00B1184402B20089FA62 /* CoreGraphics.framework */ = {isa = PBXFileReference; lastKnownFileType = wrapper.framework; name = CoreGraphics.framework; path = System/Library/Frameworks/CoreGraphics.framework; sourceTree = SDKROOT; };
		EA7E00B3184402B20089FA62 /* UIKit.framework */ = {isa = PBXFileReference; lastKnownFileType = wrapper.framework; name = UIKit.framework; path = System/Library/Frameworks/UIKit.framework; sourceTree = SDKROOT; };
		EA7E00CE184402B20089FA62 /* XCTest.framework */ = {isa = PBXFileReference; lastKnownFileType = wrapper.framework; name = XCTest.framework; path = Library/Frameworks/XCTest.framework; sourceTree = DEVELOPER_DIR; };
		EA9AB00C193FD84500B72990 /* Settings.bundle */ = {isa = PBXFileReference; lastKnownFileType = "wrapper.plug-in"; path = Settings.bundle; sourceTree = "<group>"; };
		EA9E489B186DFCFD002DE134 /* en */ = {isa = PBXFileReference; lastKnownFileType = text.plist.strings; name = en; path = en.lproj/InfoPlist.strings; sourceTree = "<group>"; };
		EA9E489C186DFCFD002DE134 /* Images.xcassets */ = {isa = PBXFileReference; lastKnownFileType = folder.assetcatalog; path = Images.xcassets; sourceTree = "<group>"; };
		EA9E48A5186DFCFD002DE134 /* main.m */ = {isa = PBXFileReference; fileEncoding = 4; lastKnownFileType = sourcecode.c.objc; path = main.m; sourceTree = "<group>"; };
		EA9E48A6186DFCFD002DE134 /* ConnectSDKSampler-Info.plist */ = {isa = PBXFileReference; fileEncoding = 4; lastKnownFileType = text.plist.xml; path = "ConnectSDKSampler-Info.plist"; sourceTree = "<group>"; };
		EA9E48A7186DFCFD002DE134 /* ConnectSDKSampler-Prefix.pch */ = {isa = PBXFileReference; fileEncoding = 4; lastKnownFileType = sourcecode.c.h; path = "ConnectSDKSampler-Prefix.pch"; sourceTree = "<group>"; };
		FED4874226E1EE3CB676083F /* libPods-ConnectSDKSamplerTests.a */ = {isa = PBXFileReference; explicitFileType = archive.ar; includeInIndex = 0; path = "libPods-ConnectSDKSamplerTests.a"; sourceTree = BUILT_PRODUCTS_DIR; };
/* End PBXFileReference section */

/* Begin PBXFrameworksBuildPhase section */
		44E98FEB1B20A7A80043BC70 /* Frameworks */ = {
			isa = PBXFrameworksBuildPhase;
			buildActionMask = 2147483647;
			files = (
				30BC37921653E5AA94E63B57 /* libPods-ConnectSDKSamplerTests.a in Frameworks */,
			);
			runOnlyForDeploymentPostprocessing = 0;
		};
		EA7E00A9184402B20089FA62 /* Frameworks */ = {
			isa = PBXFrameworksBuildPhase;
			buildActionMask = 2147483647;
			files = (
				442762DC1B012D260045DC90 /* libc++.dylib in Frameworks */,
				442762DA1B012CF80045DC90 /* AdSupport.framework in Frameworks */,
				44D72F241AC4D196006983FB /* GoogleCast.framework in Frameworks */,
				44D72F221AC4D16B006983FB /* libConnectSDK.a in Frameworks */,
				EA0998A2185147070072824C /* libicucore.dylib in Frameworks */,
				EA099895185146830072824C /* libz.dylib in Frameworks */,
				EA7E00B2184402B20089FA62 /* CoreGraphics.framework in Frameworks */,
				EA7E00B4184402B20089FA62 /* UIKit.framework in Frameworks */,
				EA7E00B0184402B20089FA62 /* Foundation.framework in Frameworks */,
				442762D81B012CCD0045DC90 /* AmazonFling.framework in Frameworks */,
				442762D31B012B280045DC90 /* Bolts.framework in Frameworks */,
				BEF557D69A067687221350BD /* libPods-ConnectSDKSampler.a in Frameworks */,
			);
			runOnlyForDeploymentPostprocessing = 0;
		};
/* End PBXFrameworksBuildPhase section */

/* Begin PBXGroup section */
		44D72F191AC4D161006983FB /* Products */ = {
			isa = PBXGroup;
			children = (
				44D72F1F1AC4D161006983FB /* libConnectSDK.a */,
				44D72F211AC4D161006983FB /* ConnectSDKTests.xctest */,
				44ADEAB51B1903E900D17687 /* ConnectSDKIntegrationTests.xctest */,
			);
			name = Products;
			sourceTree = "<group>";
		};
		44E98FEF1B20A7A80043BC70 /* ConnectSDKSamplerTests */ = {
			isa = PBXGroup;
			children = (
				44E98FF21B20A7A80043BC70 /* ConnectSDKSamplerTests.m */,
				44E98FF01B20A7A80043BC70 /* Supporting Files */,
			);
			path = ConnectSDKSamplerTests;
			sourceTree = "<group>";
		};
		44E98FF01B20A7A80043BC70 /* Supporting Files */ = {
			isa = PBXGroup;
			children = (
				44E98FF11B20A7A80043BC70 /* Info.plist */,
			);
			name = "Supporting Files";
			sourceTree = "<group>";
		};
		6F3D44FC0D0B52D8DA03873B /* Pods */ = {
			isa = PBXGroup;
			children = (
				3BBE8DDEDABB1EAFF0E141E1 /* Pods-ConnectSDKSampler.debug.xcconfig */,
				17C49D74943D3BE5906150DB /* Pods-ConnectSDKSampler.release.xcconfig */,
				767841EDABF1FE082857D6D4 /* Pods-ConnectSDKSamplerTests.debug.xcconfig */,
				3DA1D65DFB299982184DDB83 /* Pods-ConnectSDKSamplerTests.release.xcconfig */,
			);
			name = Pods;
			sourceTree = "<group>";
		};
		EA09EFA71875E82A008E6839 /* Content */ = {
			isa = PBXGroup;
			children = (
				EA09EFBB1875E82A008E6839 /* BaseViewController.h */,
				EA09EFBC1875E82A008E6839 /* BaseViewController.m */,
				EA09EFB21875E82A008E6839 /* MediaViewController.h */,
				EA09EFB31875E82A008E6839 /* MediaViewController.m */,
				EA0F2D0018BE7705003B44E1 /* WebAppViewController.h */,
				EA0F2D0118BE7705003B44E1 /* WebAppViewController.m */,
				EA09EFAC1875E82A008E6839 /* ControlViewController.h */,
				EA09EFAD1875E82A008E6839 /* ControlViewController.m */,
				EA09EFB41875E82A008E6839 /* ControlTouchpadView.h */,
				EA09EFB51875E82A008E6839 /* ControlTouchpadView.m */,
				EA09EFA81875E82A008E6839 /* AppsViewController.h */,
				EA09EFA91875E82A008E6839 /* AppsViewController.m */,
				EA09EFAA1875E82A008E6839 /* TVViewController.h */,
				EA09EFAB1875E82A008E6839 /* TVViewController.m */,
				EA09EFAE1875E82A008E6839 /* SystemViewController.h */,
				EA09EFAF1875E82A008E6839 /* SystemViewController.m */,
			);
			path = Content;
			sourceTree = "<group>";
		};
		EA09EFB61875E82A008E6839 /* ControlFlow */ = {
			isa = PBXGroup;
			children = (
				EA09EFB71875E82A008E6839 /* SamplerNavigationViewController.h */,
				EA09EFB81875E82A008E6839 /* SamplerNavigationViewController.m */,
				EA09EFB91875E82A008E6839 /* SamplerViewController.h */,
				EA09EFBA1875E82A008E6839 /* SamplerViewController.m */,
			);
			path = ControlFlow;
			sourceTree = "<group>";
		};
		EA09EFBD1875E82A008E6839 /* Resources */ = {
			isa = PBXGroup;
			children = (
				EA0F2D2518BEACCB003B44E1 /* apps */,
				EA0F2D2918BEACCB003B44E1 /* control */,
				EA0F2D2D18BEACCB003B44E1 /* media */,
				EA0F2D3118BEACCB003B44E1 /* system */,
				EA0F2D3518BEACCB003B44E1 /* tv */,
				EA0F2D3918BEACCB003B44E1 /* webapps */,
			);
			path = Resources;
			sourceTree = "<group>";
		};
		EA0F2D2518BEACCB003B44E1 /* apps */ = {
			isa = PBXGroup;
			children = (
				EA0F2D2618BEACCB003B44E1 /* icon_17114.png */,
				EA0F2D2718BEACCB003B44E1 /* icon_17114@2x.png */,
				EA0F2D2818BEACCB003B44E1 /* license.txt */,
			);
			path = apps;
			sourceTree = "<group>";
		};
		EA0F2D2918BEACCB003B44E1 /* control */ = {
			isa = PBXGroup;
			children = (
				EA0F2D2A18BEACCB003B44E1 /* icon_3330.png */,
				EA0F2D2B18BEACCB003B44E1 /* icon_3330@2x.png */,
				EA0F2D2C18BEACCB003B44E1 /* license.txt */,
			);
			path = control;
			sourceTree = "<group>";
		};
		EA0F2D2D18BEACCB003B44E1 /* media */ = {
			isa = PBXGroup;
			children = (
				EA0F2D2E18BEACCB003B44E1 /* icon_15307.png */,
				EA0F2D2F18BEACCB003B44E1 /* icon_15307@2x.png */,
				EA0F2D3018BEACCB003B44E1 /* license.txt */,
			);
			path = media;
			sourceTree = "<group>";
		};
		EA0F2D3118BEACCB003B44E1 /* system */ = {
			isa = PBXGroup;
			children = (
				EA0F2D3218BEACCB003B44E1 /* icon_17183.png */,
				EA0F2D3318BEACCB003B44E1 /* icon_17183@2x.png */,
				EA0F2D3418BEACCB003B44E1 /* license.txt */,
			);
			path = system;
			sourceTree = "<group>";
		};
		EA0F2D3518BEACCB003B44E1 /* tv */ = {
			isa = PBXGroup;
			children = (
				EA0F2D3618BEACCB003B44E1 /* icon_15111.png */,
				EA0F2D3718BEACCB003B44E1 /* icon_15111@2x.png */,
				EA0F2D3818BEACCB003B44E1 /* license.txt */,
			);
			path = tv;
			sourceTree = "<group>";
		};
		EA0F2D3918BEACCB003B44E1 /* webapps */ = {
			isa = PBXGroup;
			children = (
				EA0F2D3A18BEACCB003B44E1 /* icon_12676.png */,
				EA0F2D3B18BEACCB003B44E1 /* icon_12676@2x.png */,
				EA0F2D3C18BEACCB003B44E1 /* license.txt */,
			);
			path = webapps;
			sourceTree = "<group>";
		};
		EA7E00A3184402B20089FA62 = {
			isa = PBXGroup;
			children = (
				EA9E4895186DFCFD002DE134 /* ConnectSDKSampler */,
				44E98FEF1B20A7A80043BC70 /* ConnectSDKSamplerTests */,
				EA7E00AE184402B20089FA62 /* Frameworks */,
				EA7E00AD184402B20089FA62 /* Products */,
				6F3D44FC0D0B52D8DA03873B /* Pods */,
			);
			sourceTree = "<group>";
		};
		EA7E00AD184402B20089FA62 /* Products */ = {
			isa = PBXGroup;
			children = (
				EA7E00AC184402B20089FA62 /* ConnectSDKSampler.app */,
				44E98FEE1B20A7A80043BC70 /* ConnectSDKSamplerTests.xctest */,
			);
			name = Products;
			sourceTree = "<group>";
		};
		EA7E00AE184402B20089FA62 /* Frameworks */ = {
			isa = PBXGroup;
			children = (
				442762DB1B012D260045DC90 /* libc++.dylib */,
				442762D91B012CF80045DC90 /* AdSupport.framework */,
				442762D71B012CCD0045DC90 /* AmazonFling.framework */,
				442762D21B012B280045DC90 /* Bolts.framework */,
				44D72F231AC4D196006983FB /* GoogleCast.framework */,
				44D72F181AC4D161006983FB /* ConnectSDK.xcodeproj */,
				EA0998A1185147070072824C /* libicucore.dylib */,
				EA099894185146830072824C /* libz.dylib */,
				EA7E00AF184402B20089FA62 /* Foundation.framework */,
				EA7E00B1184402B20089FA62 /* CoreGraphics.framework */,
				EA7E00B3184402B20089FA62 /* UIKit.framework */,
				EA7E00CE184402B20089FA62 /* XCTest.framework */,
				7EB4D323E0385883ADD1303E /* libPods.a */,
				3CDEAB448DFEC83449A0DFE1 /* libPods-ConnectSDKSampler.a */,
				FED4874226E1EE3CB676083F /* libPods-ConnectSDKSamplerTests.a */,
			);
			name = Frameworks;
			sourceTree = "<group>";
		};
		EA9E4895186DFCFD002DE134 /* ConnectSDKSampler */ = {
			isa = PBXGroup;
			children = (
				EA09EFA71875E82A008E6839 /* Content */,
				EA09EFB61875E82A008E6839 /* ControlFlow */,
				EA9E489C186DFCFD002DE134 /* Images.xcassets */,
				EA9E48EB186DFD1D002DE134 /* Supporting Files */,
			);
			path = ConnectSDKSampler;
			sourceTree = "<group>";
		};
		EA9E48EB186DFD1D002DE134 /* Supporting Files */ = {
			isa = PBXGroup;
			children = (
				EA09EFBD1875E82A008E6839 /* Resources */,
				EA66B7CA187611D300669EAF /* AppDelegate.h */,
				EA66B7CB187611D300669EAF /* AppDelegate.m */,
				EA09EFA51875E7EB008E6839 /* MainStoryboard.storyboard */,
				EA9E489A186DFCFD002DE134 /* InfoPlist.strings */,
				EA9E48A5186DFCFD002DE134 /* main.m */,
				EA9E48A6186DFCFD002DE134 /* ConnectSDKSampler-Info.plist */,
				EA9E48A7186DFCFD002DE134 /* ConnectSDKSampler-Prefix.pch */,
				EA9AB00C193FD84500B72990 /* Settings.bundle */,
			);
			name = "Supporting Files";
			sourceTree = "<group>";
		};
/* End PBXGroup section */

/* Begin PBXNativeTarget section */
		44E98FED1B20A7A80043BC70 /* ConnectSDKSamplerTests */ = {
			isa = PBXNativeTarget;
			buildConfigurationList = 44E98FFC1B20A7A90043BC70 /* Build configuration list for PBXNativeTarget "ConnectSDKSamplerTests" */;
			buildPhases = (
				C03E91C719F8F545C569D891 /* Check Pods Manifest.lock */,
				44E98FEA1B20A7A80043BC70 /* Sources */,
				44E98FEB1B20A7A80043BC70 /* Frameworks */,
				44E98FEC1B20A7A80043BC70 /* Resources */,
				A162BFC8605F3DC2A7AF0456 /* Copy Pods Resources */,
			);
			buildRules = (
			);
			dependencies = (
				44E98FF51B20A7A80043BC70 /* PBXTargetDependency */,
			);
			name = ConnectSDKSamplerTests;
			productName = ConnectSDKSamplerTests;
			productReference = 44E98FEE1B20A7A80043BC70 /* ConnectSDKSamplerTests.xctest */;
			productType = "com.apple.product-type.bundle.unit-test";
		};
		EA7E00AB184402B20089FA62 /* ConnectSDKSampler */ = {
			isa = PBXNativeTarget;
			buildConfigurationList = EA7E00DE184402B20089FA62 /* Build configuration list for PBXNativeTarget "ConnectSDKSampler" */;
			buildPhases = (
				B15EFBCF03FC3278A6830D7D /* Check Pods Manifest.lock */,
				EA7E00A8184402B20089FA62 /* Sources */,
				EA7E00AA184402B20089FA62 /* Resources */,
				EA7E00A9184402B20089FA62 /* Frameworks */,
				EA049F0118B29BB7000A1760 /* Bump version for Release builds */,
				0F0347D21A83EEE600825C36 /* Save git info */,
				4498388F0989EEE28C4B35C2 /* Copy Pods Resources */,
			);
			buildRules = (
			);
			dependencies = (
			);
			name = ConnectSDKSampler;
			productName = ROAPTest;
			productReference = EA7E00AC184402B20089FA62 /* ConnectSDKSampler.app */;
			productType = "com.apple.product-type.application";
		};
/* End PBXNativeTarget section */

/* Begin PBXProject section */
		EA7E00A4184402B20089FA62 /* Project object */ = {
			isa = PBXProject;
			attributes = {
				CLASSPREFIX = LG;
				LastUpgradeCheck = 0510;
				ORGANIZATIONNAME = LGE;
				TargetAttributes = {
					44E98FED1B20A7A80043BC70 = {
						CreatedOnToolsVersion = 6.3.2;
						TestTargetID = EA7E00AB184402B20089FA62;
					};
					EA7E00AB184402B20089FA62 = {
						DevelopmentTeam = DC4CN8HG54;
					};
				};
			};
			buildConfigurationList = EA7E00A7184402B20089FA62 /* Build configuration list for PBXProject "ConnectSDKSampler" */;
			compatibilityVersion = "Xcode 3.2";
			developmentRegion = English;
			hasScannedForEncodings = 0;
			knownRegions = (
				en,
				Base,
			);
			mainGroup = EA7E00A3184402B20089FA62;
			productRefGroup = EA7E00AD184402B20089FA62 /* Products */;
			projectDirPath = "";
			projectReferences = (
				{
					ProductGroup = 44D72F191AC4D161006983FB /* Products */;
					ProjectRef = 44D72F181AC4D161006983FB /* ConnectSDK.xcodeproj */;
				},
			);
			projectRoot = "";
			targets = (
				EA7E00AB184402B20089FA62 /* ConnectSDKSampler */,
				44E98FED1B20A7A80043BC70 /* ConnectSDKSamplerTests */,
			);
		};
/* End PBXProject section */

/* Begin PBXReferenceProxy section */
		44ADEAB51B1903E900D17687 /* ConnectSDKIntegrationTests.xctest */ = {
			isa = PBXReferenceProxy;
			fileType = wrapper.cfbundle;
			path = ConnectSDKIntegrationTests.xctest;
			remoteRef = 44ADEAB41B1903E900D17687 /* PBXContainerItemProxy */;
			sourceTree = BUILT_PRODUCTS_DIR;
		};
		44D72F1F1AC4D161006983FB /* libConnectSDK.a */ = {
			isa = PBXReferenceProxy;
			fileType = archive.ar;
			path = libConnectSDK.a;
			remoteRef = 44D72F1E1AC4D161006983FB /* PBXContainerItemProxy */;
			sourceTree = BUILT_PRODUCTS_DIR;
		};
		44D72F211AC4D161006983FB /* ConnectSDKTests.xctest */ = {
			isa = PBXReferenceProxy;
			fileType = wrapper.cfbundle;
			path = ConnectSDKTests.xctest;
			remoteRef = 44D72F201AC4D161006983FB /* PBXContainerItemProxy */;
			sourceTree = BUILT_PRODUCTS_DIR;
		};
/* End PBXReferenceProxy section */

/* Begin PBXResourcesBuildPhase section */
		44E98FEC1B20A7A80043BC70 /* Resources */ = {
			isa = PBXResourcesBuildPhase;
			buildActionMask = 2147483647;
			files = (
			);
			runOnlyForDeploymentPostprocessing = 0;
		};
		EA7E00AA184402B20089FA62 /* Resources */ = {
			isa = PBXResourcesBuildPhase;
			buildActionMask = 2147483647;
			files = (
				EA0F2D4D18BEACCB003B44E1 /* icon_12676@2x.png in Resources */,
				EA0F2D4A18BEACCB003B44E1 /* icon_15111@2x.png in Resources */,
				EA0F2D4918BEACCB003B44E1 /* icon_15111.png in Resources */,
				EA09EFA61875E7EB008E6839 /* MainStoryboard.storyboard in Resources */,
				EA9E48AB186DFCFD002DE134 /* Images.xcassets in Resources */,
				EA0F2D4018BEACCB003B44E1 /* icon_3330.png in Resources */,
				EA0F2D4718BEACCB003B44E1 /* icon_17183@2x.png in Resources */,
				EA9E48AA186DFCFD002DE134 /* InfoPlist.strings in Resources */,
				EA9AB00D193FD84500B72990 /* Settings.bundle in Resources */,
				EA0F2D3D18BEACCB003B44E1 /* icon_17114.png in Resources */,
				EA0F2D4418BEACCB003B44E1 /* icon_15307@2x.png in Resources */,
				EA0F2D4318BEACCB003B44E1 /* icon_15307.png in Resources */,
				EA0F2D4118BEACCB003B44E1 /* icon_3330@2x.png in Resources */,
				EA0F2D4618BEACCB003B44E1 /* icon_17183.png in Resources */,
				EA0F2D4C18BEACCB003B44E1 /* icon_12676.png in Resources */,
				EA0F2D3E18BEACCB003B44E1 /* icon_17114@2x.png in Resources */,
			);
			runOnlyForDeploymentPostprocessing = 0;
		};
/* End PBXResourcesBuildPhase section */

/* Begin PBXShellScriptBuildPhase section */
		0F0347D21A83EEE600825C36 /* Save git info */ = {
			isa = PBXShellScriptBuildPhase;
			buildActionMask = 2147483647;
			files = (
			);
			inputPaths = (
			);
			name = "Save git info";
			outputPaths = (
			);
			runOnlyForDeploymentPostprocessing = 0;
			shellPath = /bin/sh;
			shellScript = "#!/bin/sh\n\ngit_version=$(git log -1 --format=\"%h\")\ngit_branch=$(git symbolic-ref --short -q HEAD)\ngit_tag=$(git describe --tags --exact-match 2>/dev/null)\n\nbuild_time=$(date)\ngit_branch_or_tag=\"${git_branch:-${git_tag}}\"\n\ninfo_plist=\"${BUILT_PRODUCTS_DIR}/${EXECUTABLE_FOLDER_PATH}/Info.plist\"\n/usr/libexec/PlistBuddy -c \"Set :GitInfo '${git_branch_or_tag}-${git_version}'\" \"${info_plist}\"";
		};
		4498388F0989EEE28C4B35C2 /* Copy Pods Resources */ = {
			isa = PBXShellScriptBuildPhase;
			buildActionMask = 2147483647;
			files = (
			);
			inputPaths = (
			);
			name = "Copy Pods Resources";
			outputPaths = (
			);
			runOnlyForDeploymentPostprocessing = 0;
			shellPath = /bin/sh;
			shellScript = "\"${SRCROOT}/Pods/Target Support Files/Pods-ConnectSDKSampler/Pods-ConnectSDKSampler-resources.sh\"\n";
			showEnvVarsInLog = 0;
		};
		A162BFC8605F3DC2A7AF0456 /* Copy Pods Resources */ = {
			isa = PBXShellScriptBuildPhase;
			buildActionMask = 2147483647;
			files = (
			);
			inputPaths = (
			);
			name = "Copy Pods Resources";
			outputPaths = (
			);
			runOnlyForDeploymentPostprocessing = 0;
			shellPath = /bin/sh;
			shellScript = "\"${SRCROOT}/Pods/Target Support Files/Pods-ConnectSDKSamplerTests/Pods-ConnectSDKSamplerTests-resources.sh\"\n";
			showEnvVarsInLog = 0;
		};
		B15EFBCF03FC3278A6830D7D /* Check Pods Manifest.lock */ = {
			isa = PBXShellScriptBuildPhase;
			buildActionMask = 2147483647;
			files = (
			);
			inputPaths = (
			);
			name = "Check Pods Manifest.lock";
			outputPaths = (
			);
			runOnlyForDeploymentPostprocessing = 0;
			shellPath = /bin/sh;
			shellScript = "diff \"${PODS_ROOT}/../Podfile.lock\" \"${PODS_ROOT}/Manifest.lock\" > /dev/null\nif [[ $? != 0 ]] ; then\n    cat << EOM\nerror: The sandbox is not in sync with the Podfile.lock. Run 'pod install' or update your CocoaPods installation.\nEOM\n    exit 1\nfi\n";
			showEnvVarsInLog = 0;
		};
		C03E91C719F8F545C569D891 /* Check Pods Manifest.lock */ = {
			isa = PBXShellScriptBuildPhase;
			buildActionMask = 2147483647;
			files = (
			);
			inputPaths = (
			);
			name = "Check Pods Manifest.lock";
			outputPaths = (
			);
			runOnlyForDeploymentPostprocessing = 0;
			shellPath = /bin/sh;
			shellScript = "diff \"${PODS_ROOT}/../Podfile.lock\" \"${PODS_ROOT}/Manifest.lock\" > /dev/null\nif [[ $? != 0 ]] ; then\n    cat << EOM\nerror: The sandbox is not in sync with the Podfile.lock. Run 'pod install' or update your CocoaPods installation.\nEOM\n    exit 1\nfi\n";
			showEnvVarsInLog = 0;
		};
		EA049F0118B29BB7000A1760 /* Bump version for Release builds */ = {
			isa = PBXShellScriptBuildPhase;
			buildActionMask = 2147483647;
			files = (
			);
			inputPaths = (
			);
			name = "Bump version for Release builds";
			outputPaths = (
			);
			runOnlyForDeploymentPostprocessing = 0;
			shellPath = /bin/sh;
			shellScript = "if [ $CONFIGURATION == Release ]; then\n    buildNumber=$(/usr/libexec/PlistBuddy -c \"Print CFBundleVersion\" \"$INFOPLIST_FILE\")\n    buildNumber=$(($buildNumber + 1))\n    /usr/libexec/PlistBuddy -c \"Set :CFBundleVersion $buildNumber\" \"$INFOPLIST_FILE\"\n    /usr/libexec/PlistBuddy -c \"Set :CFBundleShortVersionString $buildNumber\" \"$INFOPLIST_FILE\"\nelse\n    echo $CONFIGURATION \" build - Not bumping build number.\"\nfi";
		};
/* End PBXShellScriptBuildPhase section */

/* Begin PBXSourcesBuildPhase section */
		44E98FEA1B20A7A80043BC70 /* Sources */ = {
			isa = PBXSourcesBuildPhase;
			buildActionMask = 2147483647;
			files = (
				44E98FF31B20A7A80043BC70 /* ConnectSDKSamplerTests.m in Sources */,
			);
			runOnlyForDeploymentPostprocessing = 0;
		};
		EA7E00A8184402B20089FA62 /* Sources */ = {
			isa = PBXSourcesBuildPhase;
			buildActionMask = 2147483647;
			files = (
				EA09EFCB1875E82A008E6839 /* SamplerViewController.m in Sources */,
				EA09EFCC1875E82A008E6839 /* BaseViewController.m in Sources */,
				EA09EFC31875E82A008E6839 /* AppsViewController.m in Sources */,
				EA09EFC41875E82A008E6839 /* TVViewController.m in Sources */,
				EA09EFC91875E82A008E6839 /* ControlTouchpadView.m in Sources */,
				EA09EFCA1875E82A008E6839 /* SamplerNavigationViewController.m in Sources */,
				EA9E48B0186DFCFD002DE134 /* main.m in Sources */,
				EA09EFC61875E82A008E6839 /* SystemViewController.m in Sources */,
				EA66B7CC187611D300669EAF /* AppDelegate.m in Sources */,
				EA09EFC51875E82A008E6839 /* ControlViewController.m in Sources */,
				EA09EFC81875E82A008E6839 /* MediaViewController.m in Sources */,
				EA0F2D0218BE7705003B44E1 /* WebAppViewController.m in Sources */,
			);
			runOnlyForDeploymentPostprocessing = 0;
		};
/* End PBXSourcesBuildPhase section */

/* Begin PBXTargetDependency section */
		44E98FF51B20A7A80043BC70 /* PBXTargetDependency */ = {
			isa = PBXTargetDependency;
			target = EA7E00AB184402B20089FA62 /* ConnectSDKSampler */;
			targetProxy = 44E98FF41B20A7A80043BC70 /* PBXContainerItemProxy */;
		};
/* End PBXTargetDependency section */

/* Begin PBXVariantGroup section */
		EA9E489A186DFCFD002DE134 /* InfoPlist.strings */ = {
			isa = PBXVariantGroup;
			children = (
				EA9E489B186DFCFD002DE134 /* en */,
			);
			name = InfoPlist.strings;
			sourceTree = "<group>";
		};
/* End PBXVariantGroup section */

/* Begin XCBuildConfiguration section */
		44E98FF61B20A7A90043BC70 /* Debug */ = {
			isa = XCBuildConfiguration;
			baseConfigurationReference = 767841EDABF1FE082857D6D4 /* Pods-ConnectSDKSamplerTests.debug.xcconfig */;
			buildSettings = {
				BUNDLE_LOADER = "$(TEST_HOST)";
				CLANG_WARN_UNREACHABLE_CODE = YES;
				DEBUG_INFORMATION_FORMAT = "dwarf-with-dsym";
				ENABLE_STRICT_OBJC_MSGSEND = YES;
				FRAMEWORK_SEARCH_PATHS = (
					"$(SDKROOT)/Developer/Library/Frameworks",
					"$(inherited)",
				);
				GCC_NO_COMMON_BLOCKS = YES;
				GCC_PREPROCESSOR_DEFINITIONS = (
					"DEBUG=1",
					"$(inherited)",
				);
				GCC_WARN_UNINITIALIZED_AUTOS = YES_AGGRESSIVE;
				INFOPLIST_FILE = ConnectSDKSamplerTests/Info.plist;
				IPHONEOS_DEPLOYMENT_TARGET = 8.3;
				LD_RUNPATH_SEARCH_PATHS = "$(inherited) @executable_path/Frameworks @loader_path/Frameworks";
				MTL_ENABLE_DEBUG_INFO = YES;
				PRODUCT_NAME = "$(TARGET_NAME)";
				TEST_HOST = "$(BUILT_PRODUCTS_DIR)/ConnectSDKSampler.app/ConnectSDKSampler";
			};
			name = Debug;
		};
		44E98FF71B20A7A90043BC70 /* Release */ = {
			isa = XCBuildConfiguration;
			baseConfigurationReference = 3DA1D65DFB299982184DDB83 /* Pods-ConnectSDKSamplerTests.release.xcconfig */;
			buildSettings = {
				BUNDLE_LOADER = "$(TEST_HOST)";
				CLANG_WARN_UNREACHABLE_CODE = YES;
				COPY_PHASE_STRIP = NO;
				DEBUG_INFORMATION_FORMAT = "dwarf-with-dsym";
				ENABLE_STRICT_OBJC_MSGSEND = YES;
				FRAMEWORK_SEARCH_PATHS = (
					"$(SDKROOT)/Developer/Library/Frameworks",
					"$(inherited)",
				);
				GCC_NO_COMMON_BLOCKS = YES;
				GCC_WARN_UNINITIALIZED_AUTOS = YES_AGGRESSIVE;
				INFOPLIST_FILE = ConnectSDKSamplerTests/Info.plist;
				IPHONEOS_DEPLOYMENT_TARGET = 8.3;
				LD_RUNPATH_SEARCH_PATHS = "$(inherited) @executable_path/Frameworks @loader_path/Frameworks";
				MTL_ENABLE_DEBUG_INFO = NO;
				PRODUCT_NAME = "$(TARGET_NAME)";
				TEST_HOST = "$(BUILT_PRODUCTS_DIR)/ConnectSDKSampler.app/ConnectSDKSampler";
			};
			name = Release;
		};
		EA7E00DC184402B20089FA62 /* Debug */ = {
			isa = XCBuildConfiguration;
			buildSettings = {
				ALWAYS_SEARCH_USER_PATHS = NO;
				CLANG_CXX_LANGUAGE_STANDARD = "gnu++0x";
				CLANG_CXX_LIBRARY = "libc++";
				CLANG_ENABLE_MODULES = YES;
				CLANG_ENABLE_OBJC_ARC = YES;
				CLANG_WARN_BOOL_CONVERSION = YES;
				CLANG_WARN_CONSTANT_CONVERSION = YES;
				CLANG_WARN_DIRECT_OBJC_ISA_USAGE = YES_ERROR;
				CLANG_WARN_EMPTY_BODY = YES;
				CLANG_WARN_ENUM_CONVERSION = YES;
				CLANG_WARN_INT_CONVERSION = YES;
				CLANG_WARN_OBJC_ROOT_CLASS = YES_ERROR;
				CLANG_WARN__DUPLICATE_METHOD_MATCH = YES;
				"CODE_SIGN_IDENTITY[sdk=iphoneos*]" = "iPhone Developer";
				COPY_PHASE_STRIP = NO;
				GCC_C_LANGUAGE_STANDARD = gnu99;
				GCC_DYNAMIC_NO_PIC = NO;
				GCC_OPTIMIZATION_LEVEL = 0;
				GCC_PREPROCESSOR_DEFINITIONS = (
					"DEBUG=1",
					"$(inherited)",
				);
				GCC_SYMBOLS_PRIVATE_EXTERN = NO;
				GCC_WARN_64_TO_32_BIT_CONVERSION = YES;
				GCC_WARN_ABOUT_RETURN_TYPE = YES_ERROR;
				GCC_WARN_UNDECLARED_SELECTOR = YES;
				GCC_WARN_UNINITIALIZED_AUTOS = YES;
				GCC_WARN_UNUSED_FUNCTION = YES;
				GCC_WARN_UNUSED_VARIABLE = YES;
				ONLY_ACTIVE_ARCH = YES;
				OTHER_LDFLAGS = "";
				PROVISIONING_PROFILE = "E9E4AEAE-997B-46AC-BF37-403D0B44D032";
				SDKROOT = iphoneos;
			};
			name = Debug;
		};
		EA7E00DD184402B20089FA62 /* Release */ = {
			isa = XCBuildConfiguration;
			buildSettings = {
				ALWAYS_SEARCH_USER_PATHS = NO;
				CLANG_CXX_LANGUAGE_STANDARD = "gnu++0x";
				CLANG_CXX_LIBRARY = "libc++";
				CLANG_ENABLE_MODULES = YES;
				CLANG_ENABLE_OBJC_ARC = YES;
				CLANG_WARN_BOOL_CONVERSION = YES;
				CLANG_WARN_CONSTANT_CONVERSION = YES;
				CLANG_WARN_DIRECT_OBJC_ISA_USAGE = YES_ERROR;
				CLANG_WARN_EMPTY_BODY = YES;
				CLANG_WARN_ENUM_CONVERSION = YES;
				CLANG_WARN_INT_CONVERSION = YES;
				CLANG_WARN_OBJC_ROOT_CLASS = YES_ERROR;
				CLANG_WARN__DUPLICATE_METHOD_MATCH = YES;
				"CODE_SIGN_IDENTITY[sdk=iphoneos*]" = "iPhone Developer";
				COPY_PHASE_STRIP = YES;
				ENABLE_NS_ASSERTIONS = NO;
				GCC_C_LANGUAGE_STANDARD = gnu99;
				GCC_WARN_64_TO_32_BIT_CONVERSION = YES;
				GCC_WARN_ABOUT_RETURN_TYPE = YES_ERROR;
				GCC_WARN_UNDECLARED_SELECTOR = YES;
				GCC_WARN_UNINITIALIZED_AUTOS = YES;
				GCC_WARN_UNUSED_FUNCTION = YES;
				GCC_WARN_UNUSED_VARIABLE = YES;
				OTHER_LDFLAGS = "";
				PROVISIONING_PROFILE = "E9E4AEAE-997B-46AC-BF37-403D0B44D032";
				SDKROOT = iphoneos;
				VALIDATE_PRODUCT = YES;
			};
			name = Release;
		};
		EA7E00DF184402B20089FA62 /* Debug */ = {
			isa = XCBuildConfiguration;
			baseConfigurationReference = 3BBE8DDEDABB1EAFF0E141E1 /* Pods-ConnectSDKSampler.debug.xcconfig */;
			buildSettings = {
				ALWAYS_SEARCH_USER_PATHS = NO;
				ARCHS = "$(ARCHS_STANDARD)";
				ASSETCATALOG_COMPILER_APPICON_NAME = AppIcon;
				ASSETCATALOG_COMPILER_LAUNCHIMAGE_NAME = LaunchImage;
				CODE_SIGN_IDENTITY = "iPhone Developer";
				"CODE_SIGN_IDENTITY[sdk=iphoneos*]" = "iPhone Developer";
				FRAMEWORK_SEARCH_PATHS = (
					"$(inherited)",
					"/Users/eugene/proj/Connect-SDK-iOS/modules/google-cast",
					"/Users/eugene/proj/Connect-SDK-iOS/modules/firetv/Frameworks",
					"$(PROJECT_DIR)/ConnectSDKSampler",
				);
				GCC_PRECOMPILE_PREFIX_HEADER = YES;
				GCC_PREFIX_HEADER = "ConnectSDKSampler/ConnectSDKSampler-Prefix.pch";
				GCC_WARN_ABOUT_MISSING_NEWLINE = YES;
				HEADER_SEARCH_PATHS = (
					"$(inherited)",
					/Applications/Xcode.app/Contents/Developer/Toolchains/XcodeDefault.xctoolchain/usr/include,
				);
				INFOPLIST_FILE = "ConnectSDKSampler/ConnectSDKSampler-Info.plist";
				IPHONEOS_DEPLOYMENT_TARGET = 6.0;
				LIBRARY_SEARCH_PATHS = "$(inherited)";
				OTHER_LDFLAGS = (
					"-ObjC",
					"$(inherited)",
				);
				PRODUCT_NAME = ConnectSDKSampler;
				PROVISIONING_PROFILE = "";
				TARGETED_DEVICE_FAMILY = 1;
				USER_HEADER_SEARCH_PATHS = "";
				WRAPPER_EXTENSION = app;
			};
			name = Debug;
		};
		EA7E00E0184402B20089FA62 /* Release */ = {
			isa = XCBuildConfiguration;
			baseConfigurationReference = 17C49D74943D3BE5906150DB /* Pods-ConnectSDKSampler.release.xcconfig */;
			buildSettings = {
				ALWAYS_SEARCH_USER_PATHS = NO;
				ARCHS = "$(ARCHS_STANDARD)";
				ASSETCATALOG_COMPILER_APPICON_NAME = AppIcon;
				ASSETCATALOG_COMPILER_LAUNCHIMAGE_NAME = LaunchImage;
				CODE_SIGN_IDENTITY = "iPhone Distribution";
				"CODE_SIGN_IDENTITY[sdk=iphoneos*]" = "iPhone Distribution";
				FRAMEWORK_SEARCH_PATHS = (
					"$(inherited)",
					"/Users/eugene/proj/Connect-SDK-iOS/modules/google-cast",
					"/Users/eugene/proj/Connect-SDK-iOS/modules/firetv/Frameworks",
					"$(PROJECT_DIR)/ConnectSDKSampler",
				);
				GCC_PRECOMPILE_PREFIX_HEADER = YES;
				GCC_PREFIX_HEADER = "ConnectSDKSampler/ConnectSDKSampler-Prefix.pch";
				GCC_WARN_ABOUT_MISSING_NEWLINE = YES;
				HEADER_SEARCH_PATHS = (
					"$(inherited)",
					/Applications/Xcode.app/Contents/Developer/Toolchains/XcodeDefault.xctoolchain/usr/include,
				);
				INFOPLIST_FILE = "ConnectSDKSampler/ConnectSDKSampler-Info.plist";
				IPHONEOS_DEPLOYMENT_TARGET = 6.0;
				LIBRARY_SEARCH_PATHS = "$(inherited)";
				OTHER_LDFLAGS = (
					"-ObjC",
					"$(inherited)",
				);
				PRODUCT_NAME = ConnectSDKSampler;
				PROVISIONING_PROFILE = "";
				TARGETED_DEVICE_FAMILY = 1;
				USER_HEADER_SEARCH_PATHS = "";
				WRAPPER_EXTENSION = app;
			};
			name = Release;
		};
/* End XCBuildConfiguration section */

/* Begin XCConfigurationList section */
		44E98FFC1B20A7A90043BC70 /* Build configuration list for PBXNativeTarget "ConnectSDKSamplerTests" */ = {
			isa = XCConfigurationList;
			buildConfigurations = (
				44E98FF61B20A7A90043BC70 /* Debug */,
				44E98FF71B20A7A90043BC70 /* Release */,
			);
			defaultConfigurationIsVisible = 0;
			defaultConfigurationName = Release;
		};
		EA7E00A7184402B20089FA62 /* Build configuration list for PBXProject "ConnectSDKSampler" */ = {
			isa = XCConfigurationList;
			buildConfigurations = (
				EA7E00DC184402B20089FA62 /* Debug */,
				EA7E00DD184402B20089FA62 /* Release */,
			);
			defaultConfigurationIsVisible = 0;
			defaultConfigurationName = Release;
		};
		EA7E00DE184402B20089FA62 /* Build configuration list for PBXNativeTarget "ConnectSDKSampler" */ = {
			isa = XCConfigurationList;
			buildConfigurations = (
				EA7E00DF184402B20089FA62 /* Debug */,
				EA7E00E0184402B20089FA62 /* Release */,
			);
			defaultConfigurationIsVisible = 0;
			defaultConfigurationName = Release;
		};
/* End XCConfigurationList section */
	};
	rootObject = EA7E00A4184402B20089FA62 /* Project object */;
}
